lockfileVersion: '9.0'

settings:
  autoInstallPeers: true
  excludeLinksFromLockfile: false

importers:

  .:
    dependencies:
      '@ai-sdk/react':
        specifier: ^4.0.40
        version: 4.0.40(react@19.2.8)(zod@4.4.3)
      '@nestjs/schedule':
        specifier: ^6.1.3
        version: 6.1.3(@nestjs/common@11.1.28(reflect-metadata@0.2.2)(rxjs@7.8.2))(@nestjs/core@11.1.28(@nestjs/common@11.1.28(reflect-metadata@0.2.2)(rxjs@7.8.2))(reflect-metadata@0.2.2)(rxjs@7.8.2))
      '@types/cron':
        specifier: ^2.4.3
        version: 2.4.3
      ai:
        specifier: ^7.0.37
        version: 7.0.37(zod@4.4.3)
      corn:
        specifier: ^0.0.1
        version: 0.0.1

packages:

  '@ai-sdk/gateway@4.0.28':
    resolution: {integrity: sha512-ee9TsNO3mkgHDWmTmJ8Fvltr6PFh52zhrV2+FaKJY3F3iu7kWZi5tCRJCR1HVhhlpj6lHniUb28nLQdPHkA/1Q==}
    engines: {node: '>=22'}
    peerDependencies:
      zod: ^3.25.76 || ^4.1.8

  '@ai-sdk/mcp@2.0.16':
    resolution: {integrity: sha512-jC2r+StEuk8uIldfP4j8nBwOEBJ2TRwy/bz71SHMZ3NG6PSbvRPXGfyoHHR6JTm1O5GcIww0f6B8LznzkrseDA==}
    engines: {node: '>=22'}
    peerDependencies:
      zod: ^3.25.76 || ^4.1.8

  '@ai-sdk/provider-utils@5.0.12':
    resolution: {integrity: sha512-bbhlOgHeYwrIGheLkM6fhS8hVger8uFPmcOLg+kxc9EFh7y30XYorWhthlYAgpadO3SJhFZrIcEknN7qEqEVvA==}
    engines: {node: '>=22'}
    peerDependencies:
      zod: ^3.25.76 || ^4.1.8

  '@ai-sdk/provider@4.0.3':
    resolution: {integrity: sha512-e0CpNWJUY7OxAFAnCZkw+ri9QOHWwTs1tXP42782KFGCU07qt8NiXCrCVowyCB5dP2r5/Uls+g2oPd8kOJn9dw==}
    engines: {node: '>=22'}

  '@ai-sdk/react@4.0.40':
    resolution: {integrity: sha512-z3Ht1ERCEYmt7vo6IZYXlPPNEH/SYz8CAdRWuxA+MgA5p8AXFnor/U6WhZmsAmyzhQk1Oe138PtlW7ee4Ap4qg==}
    engines: {node: '>=22'}
    peerDependencies:
      react: ^18 || ~19.0.1 || ~19.1.2 || ^19.2.1

  '@borewit/text-codec@0.2.2':
    resolution: {integrity: sha512-DDaRehssg1aNrH4+2hnj1B7vnUGEjU6OIlyRdkMd0aUdIUvKXrJfXsy8LVtXAy7DRvYVluWbMspsRhz2lcW0mQ==}

  '@lukeed/csprng@1.1.0':
    resolution: {integrity: sha512-Z7C/xXCiGWsg0KuKsHTKJxbWhpI3Vs5GwLfOean7MGyVFGqdRgBbAjOCh6u4bbjPc/8MJ2pZmK/0DLdCbivLDA==}
    engines: {node: '>=8'}

  '@nestjs/common@11.1.28':
    resolution: {integrity: sha512-bRImsxibie+AM7xjdwcrm/gr5YeacI65kSBNzTufa1Ib5iwziaY/lqMtRh9THq6pbV4e1HP9aI2ZxGUumnmaoQ==}
    peerDependencies:
      class-transformer: '>=0.4.1'
      class-validator: '>=0.13.2'
      reflect-metadata: ^0.1.12 || ^0.2.0
      rxjs: ^7.1.0
    peerDependenciesMeta:
      class-transformer:
        optional: true
      class-validator:
        optional: true

  '@nestjs/core@11.1.28':
    resolution: {integrity: sha512-06m63xIRj8+l8uOeh/8LnYupGubkyu4f+bPKIadaSui6vK9KpXgoz7HveT1yOVLcEt0M0oCOEW5EuEXZkEmBBQ==}
    engines: {node: '>= 20'}
    peerDependencies:
      '@nestjs/common': ^11.0.0
      '@nestjs/microservices': ^11.0.0
      '@nestjs/platform-express': ^11.0.0
      '@nestjs/websockets': ^11.0.0
      reflect-metadata: ^0.1.12 || ^0.2.0
      rxjs: ^7.1.0
    peerDependenciesMeta:
      '@nestjs/microservices':
        optional: true
      '@nestjs/platform-express':
        optional: true
      '@nestjs/websockets':
        optional: true

  '@nestjs/schedule@6.1.3':
    resolution: {integrity: sha512-RflMFOpR16Dwd1jAUbeB4mfGTCh65fvEdL4mSjQPJChpkRGRjIXjb+6YQcK2faQrVT60c9DmLmoVR7/ONCtuYQ==}
    peerDependencies:
      '@nestjs/common': ^10.0.0 || ^11.0.0
      '@nestjs/core': ^10.0.0 || ^11.0.0

  '@standard-schema/spec@1.1.0':
    resolution: {integrity: sha512-l2aFy5jALhniG5HgqrD6jXLi/rUWrKvqN/qJx6yoJsgKhblVd+iqqU4RCXavm/jPityDo5TCvKMnpjKnOriy0w==}

  '@tokenizer/inflate@0.4.1':
    resolution: {integrity: sha512-2mAv+8pkG6GIZiF1kNg1jAjh27IDxEPKwdGul3snfztFerfPGI1LjDezZp3i7BElXompqEtPmoPx6c2wgtWsOA==}
    engines: {node: '>=18'}

  '@tokenizer/token@0.3.0':
    resolution: {integrity: sha512-OvjF+z51L3ov0OyAU0duzsYuvO01PH7x4t6DJx+guahgTnBHkhJdG7soQeTSFLWN3efnHyibZ4Z8l2EuWwJN3A==}

  '@types/cron@2.4.3':
    resolution: {integrity: sha512-ViRBkoZD9Rk0hGeMdd2GHGaOaZuH9mDmwsE5/Zo53Ftwcvh7h9VJc8lIt2wdgEwS4EW5lbtTX6vlE0idCLPOyA==}
    deprecated: This is a stub types definition. cron provides its own type definitions, so you do not need this installed.

  '@types/luxon@3.7.2':
    resolution: {integrity: sha512-gW+Oib+vUtGJBtNC8V9Reww0oIpusw+4m81uncg9REGZAJfqOQHfo/nkabnc7w0QReXyPqjrbWMJk6NuAkiX3Q==}

  '@vercel/oidc@3.2.0':
    resolution: {integrity: sha512-UycprH3T6n3jH0k44NHMa7pnFHGu/N05MjojYr+Mc6I7obkoLIJujSWwin1pCvdy/eOxrI/l3uDLQsmcrOb4ug==}
    engines: {node: '>= 20'}

  '@workflow/serde@4.1.0':
    resolution: {integrity: sha512-pav4F2BoirECWR7Nf1TKt+2eETcBj7jj4cBefQ8VXQCA6NPkaKeLfj/zMgi+3zYV5ZIBT4GuUiphsj0/b9hPQQ==}

  ai@7.0.37:
    resolution: {integrity: sha512-stF+SEQJgKY3Qfe3FwNzqUrehHviOp2l7LemoI8YMOa0Zk5PxKsRNgUk3cHXz0RAue9RRyCAis2fz6LSCP6EKw==}
    engines: {node: '>=22'}
    peerDependencies:
      zod: ^3.25.76 || ^4.1.8

  corn@0.0.1:
    resolution: {integrity: sha512-e/uRqdkWqq9IZcPSOH+4hdT5ZvrTZ/g3yHxe0rM/t4nmUWOu+VfeWoHnkIPxgA1AXaE832ExLMUtmaHpbC6c2g==}
    engines: {node: '>0.2'}

  cron@4.4.0:
    resolution: {integrity: sha512-fkdfq+b+AHI4cKdhZlppHveI/mgz2qpiYxcm+t5E5TsxX7QrLS1VE0+7GENEk9z0EeGPcpSciGv6ez24duWhwQ==}
    engines: {node: '>=18.x'}

  debug@4.4.3:
    resolution: {integrity: sha512-RGwwWnwQvkVfavKVt22FGLw+xYSdzARwm0ru6DhTVA3umU5hZc28V3kO4stgYryrTlLpuvgI9GiijltAjNbcqA==}
    engines: {node: '>=6.0'}
    peerDependencies:
      supports-color: '*'
    peerDependenciesMeta:
      supports-color:
        optional: true

  dequal@2.0.3:
    resolution: {integrity: sha512-0je+qPKHEMohvfRTCEo3CrPG6cAzAYgmzKyxRiYSSDkS6eGJdyVJm7WaYA5ECaAD9wLB2T4EEeymA5aFVcYXCA==}
    engines: {node: '>=6'}

  eventsource-parser@3.1.0:
    resolution: {integrity: sha512-kJezFj9YFAMLeORyi7aCLxLbD5/qWMQnoMVlVPyHIll7lgRJCc3JVln9Vgl9nwQi0YkMnhdGTMNn7CkRRAptMg==}
    engines: {node: '>=18.0.0'}

  fast-safe-stringify@2.1.1:
    resolution: {integrity: sha512-W+KJc2dmILlPplD/H4K9l9LcAHAfPtP6BY84uVLXQ6Evcz9Lcg33Y2z1IVblT6xdY54PXYVHEv+0Wpq8Io6zkA==}

  file-type@21.3.4:
    resolution: {integrity: sha512-Ievi/yy8DS3ygGvT47PjSfdFoX+2isQueoYP1cntFW1JLYAuS4GD7NUPGg4zv2iZfV52uDyk5w5Z0TdpRS6Q1g==}
    engines: {node: '>=20'}

  ieee754@1.2.1:
    resolution: {integrity: sha512-dcyqhDvX1C46lXZcVqCpK+FtMRQVdIMN6/Df5js2zouUsqG7I6sFxitIC+7KYK29KdXOLHdu9zL4sFnoVQnqaA==}

  iterare@1.2.1:
    resolution: {integrity: sha512-RKYVTCjAnRthyJes037NX/IiqeidgN1xc3j1RjFfECFp28A1GVwK9nA+i0rJPaHqSZwygLzRnFlzUuHFoWWy+Q==}
    engines: {node: '>=6'}

  json-schema@0.4.0:
    resolution: {integrity: sha512-es94M3nTIfsEPisRafak+HDLfHXnKBhV3vU5eqPcS3flIWqcxJWgXHXiey3YrpaNsanY5ei1VoYEbOzijuq9BA==}

  load-esm@1.0.3:
    resolution: {integrity: sha512-v5xlu8eHD1+6r8EHTg6hfmO97LN8ugKtiXcy5e6oN72iD2r6u0RPfLl6fxM+7Wnh2ZRq15o0russMst44WauPA==}
    engines: {node: '>=13.2.0'}

  luxon@3.7.2:
    resolution: {integrity: sha512-vtEhXh/gNjI9Yg1u4jX/0YVPMvxzHuGgCm6tC5kZyb08yjGWGnqAjGJvcXbqQR2P3MyMEFnRbpcdFS6PBcLqew==}
    engines: {node: '>=12'}

  ms@2.1.3:
    resolution: {integrity: sha512-6FlzubTLZG3J2a/NVCAleEhjzq5oxgHyaCU9yYXvcLsvoVaHJq/s5xXI6/XXP6tz7R9xAOtHnSO/tXtF3WRTlA==}

  path-to-regexp@8.4.2:
    resolution: {integrity: sha512-qRcuIdP69NPm4qbACK+aDogI5CBDMi1jKe0ry5rSQJz8JVLsC7jV8XpiJjGRLLol3N+R5ihGYcrPLTno6pAdBA==}

  pkce-challenge@5.0.1:
    resolution: {integrity: sha512-wQ0b/W4Fr01qtpHlqSqspcj3EhBvimsdh0KlHhH8HRZnMsEa0ea2fTULOXOS9ccQr3om+GcGRk4e+isrZWV8qQ==}
    engines: {node: '>=16.20.0'}

  react@19.2.8:
    resolution: {integrity: sha512-PWaYA1L/q9u2u7xYQi+Y3L3Yfnie7XyLeaJICV1MGD6LprsBxcAqGjYyr0eY3p+QdsA+x/Irkt4Qif8D63+Sbw==}
    engines: {node: '>=0.10.0'}

  reflect-metadata@0.2.2:
    resolution: {integrity: sha512-urBwgfrvVP/eAyXx4hluJivBKzuEbSQs9rKWCrCkbSxNv8mxPcUZKeuoF3Uy4mJl3Lwprp6yy5/39VWigZ4K6Q==}

  rxjs@7.8.2:
    resolution: {integrity: sha512-dhKf903U/PQZY6boNNtAGdWbG85WAbjT/1xYoZIC7FAY0yWapOBQVsVrDl58W86//e1VpMNBtRV4MaXfdMySFA==}

  strtok3@10.3.5:
    resolution: {integrity: sha512-ki4hZQfh5rX0QDLLkOCj+h+CVNkqmp/CMf8v8kZpkNVK6jGQooMytqzLZYUVYIZcFZ6yDB70EfD8POcFXiF5oA==}
    engines: {node: '>=18'}

  swr@2.4.2:
    resolution: {integrity: sha512-ej644Y2bvkIajfR32KGeSSdBXQW+ScjGjkybZgSE7kFpk9eGnV44XY9FJylXi+W75pavSX1PVNB57W5EbhGIYw==}
    peerDependencies:
      react: ^16.11.0 || ^17.0.0 || ^18.0.0 || ^19.0.0

  throttleit@2.1.0:
    resolution: {integrity: sha512-nt6AMGKW1p/70DF/hGBdJB57B8Tspmbp5gfJ8ilhLnt7kkr2ye7hzD6NVG8GGErk2HWF34igrL2CXmNIkzKqKw==}
    engines: {node: '>=18'}

  token-types@6.1.2:
    resolution: {integrity: sha512-dRXchy+C0IgK8WPC6xvCHFRIWYUbqqdEIKPaKo/AcTUNzwLTK6AH7RjdLWsEZcAN/TBdtfUw3PYEgPr5VPr6ww==}
    engines: {node: '>=14.16'}

  tslib@2.8.1:
    resolution: {integrity: sha512-oJFu94HQb+KVduSUQL7wnpmqnfmLsOA/nAh6b6EH0wCEoK0/mPeXU6c3wKDV83MkOuHPRHtSXKKU99IBazS/2w==}

  uid@2.0.2:
    resolution: {integrity: sha512-u3xV3X7uzvi5b1MncmZo3i2Aw222Zk1keqLA1YkHldREkAhAqi65wuPfe7lHx8H/Wzy+8CE7S7uS3jekIM5s8g==}
    engines: {node: '>=8'}

  uint8array-extras@1.5.0:
    resolution: {integrity: sha512-rvKSBiC5zqCCiDZ9kAOszZcDvdAHwwIKJG33Ykj43OKcWsnmcBRL09YTU4nOeHZ8Y2a7l1MgTd08SBe9A8Qj6A==}
    engines: {node: '>=18'}

  use-sync-external-store@1.6.0:
    resolution: {integrity: sha512-Pp6GSwGP/NrPIrxVFAIkOQeyw8lFenOHijQWkUTrDvrF4ALqylP2C/KCkeS9dpUM3KvYRQhna5vt7IL95+ZQ9w==}
    peerDependencies:
      react: ^16.8.0 || ^17.0.0 || ^18.0.0 || ^19.0.0

  zod@4.4.3:
    resolution: {integrity: sha512-ytENFjIJFl2UwYglde2jchW2Hwm4GJFLDiSXWdTrJQBIN9Fcyp7n4DhxJEiWNAJMV1/BqWfW/kkg71UDcHJyTQ==}

snapshots:

  '@ai-sdk/gateway@4.0.28(zod@4.4.3)':
    dependencies:
      '@ai-sdk/provider': 4.0.3
      '@ai-sdk/provider-utils': 5.0.12(zod@4.4.3)
      '@vercel/oidc': 3.2.0
      zod: 4.4.3

  '@ai-sdk/mcp@2.0.16(zod@4.4.3)':
    dependencies:
      '@ai-sdk/provider': 4.0.3
      '@ai-sdk/provider-utils': 5.0.12(zod@4.4.3)
      pkce-challenge: 5.0.1
      zod: 4.4.3

  '@ai-sdk/provider-utils@5.0.12(zod@4.4.3)':
    dependencies:
      '@ai-sdk/provider': 4.0.3
      '@standard-schema/spec': 1.1.0
      '@workflow/serde': 4.1.0
      eventsource-parser: 3.1.0
      zod: 4.4.3

  '@ai-sdk/provider@4.0.3':
    dependencies:
      json-schema: 0.4.0

  '@ai-sdk/react@4.0.40(react@19.2.8)(zod@4.4.3)':
    dependencies:
      '@ai-sdk/mcp': 2.0.16(zod@4.4.3)
      '@ai-sdk/provider': 4.0.3
      '@ai-sdk/provider-utils': 5.0.12(zod@4.4.3)
      ai: 7.0.37(zod@4.4.3)
      react: 19.2.8
      swr: 2.4.2(react@19.2.8)
      throttleit: 2.1.0
    transitivePeerDependencies:
      - zod

  '@borewit/text-codec@0.2.2': {}

  '@lukeed/csprng@1.1.0': {}

  '@nestjs/common@11.1.28(reflect-metadata@0.2.2)(rxjs@7.8.2)':
    dependencies:
      file-type: 21.3.4
      iterare: 1.2.1
      load-esm: 1.0.3
      reflect-metadata: 0.2.2
      rxjs: 7.8.2
      tslib: 2.8.1
      uid: 2.0.2
    transitivePeerDependencies:
      - supports-color

  '@nestjs/core@11.1.28(@nestjs/common@11.1.28(reflect-metadata@0.2.2)(rxjs@7.8.2))(reflect-metadata@0.2.2)(rxjs@7.8.2)':
    dependencies:
      '@nestjs/common': 11.1.28(reflect-metadata@0.2.2)(rxjs@7.8.2)
      fast-safe-stringify: 2.1.1
      iterare: 1.2.1
      path-to-regexp: 8.4.2
      reflect-metadata: 0.2.2
      rxjs: 7.8.2
      tslib: 2.8.1
      uid: 2.0.2

  '@nestjs/schedule@6.1.3(@nestjs/common@11.1.28(reflect-metadata@0.2.2)(rxjs@7.8.2))(@nestjs/core@11.1.28(@nestjs/common@11.1.28(reflect-metadata@0.2.2)(rxjs@7.8.2))(reflect-metadata@0.2.2)(rxjs@7.8.2))':
    dependencies:
      '@nestjs/common': 11.1.28(reflect-metadata@0.2.2)(rxjs@7.8.2)
      '@nestjs/core': 11.1.28(@nestjs/common@11.1.28(reflect-metadata@0.2.2)(rxjs@7.8.2))(reflect-metadata@0.2.2)(rxjs@7.8.2)
      cron: 4.4.0

  '@standard-schema/spec@1.1.0': {}

  '@tokenizer/inflate@0.4.1':
    dependencies:
      debug: 4.4.3
      token-types: 6.1.2
    transitivePeerDependencies:
      - supports-color

  '@tokenizer/token@0.3.0': {}

  '@types/cron@2.4.3':
    dependencies:
      cron: 4.4.0

  '@types/luxon@3.7.2': {}

  '@vercel/oidc@3.2.0': {}

  '@workflow/serde@4.1.0': {}

  ai@7.0.37(zod@4.4.3):
    dependencies:
      '@ai-sdk/gateway': 4.0.28(zod@4.4.3)
      '@ai-sdk/provider': 4.0.3
      '@ai-sdk/provider-utils': 5.0.12(zod@4.4.3)
      zod: 4.4.3

  corn@0.0.1: {}

  cron@4.4.0:
    dependencies:
      '@types/luxon': 3.7.2
      luxon: 3.7.2

  debug@4.4.3:
    dependencies:
      ms: 2.1.3

  dequal@2.0.3: {}

  eventsource-parser@3.1.0: {}

  fast-safe-stringify@2.1.1: {}

  file-type@21.3.4:
    dependencies:
      '@tokenizer/inflate': 0.4.1
      strtok3: 10.3.5
      token-types: 6.1.2
      uint8array-extras: 1.5.0
    transitivePeerDependencies:
      - supports-color

  ieee754@1.2.1: {}

  iterare@1.2.1: {}

  json-schema@0.4.0: {}

  load-esm@1.0.3: {}

  luxon@3.7.2: {}

  ms@2.1.3: {}

  path-to-regexp@8.4.2: {}

  pkce-challenge@5.0.1: {}

  react@19.2.8: {}

  reflect-metadata@0.2.2: {}

  rxjs@7.8.2:
    dependencies:
      tslib: 2.8.1

  strtok3@10.3.5:
    dependencies:
      '@tokenizer/token': 0.3.0

  swr@2.4.2(react@19.2.8):
    dependencies:
      dequal: 2.0.3
      react: 19.2.8
      use-sync-external-store: 1.6.0(react@19.2.8)

  throttleit@2.1.0: {}

  token-types@6.1.2:
    dependencies:
      '@borewit/text-codec': 0.2.2
      '@tokenizer/token': 0.3.0
      ieee754: 1.2.1

  tslib@2.8.1: {}

  uid@2.0.2:
    dependencies:
      '@lukeed/csprng': 1.1.0

  uint8array-extras@1.5.0: {}

  use-sync-external-store@1.6.0(react@19.2.8):
    dependencies:
      react: 19.2.8

  zod@4.4.3: {}
